
Microsoft Visual Studio Solution File, Format Version 12.00
# Visual Studio Version 16
VisualStudioVersion = 16.0.30804.86
MinimumVisualStudioVersion = 10.0.40219.1
Project("{FAE04EC0-301F-11D3-BF4B-00C04F79EFBC}") = "CodingTest", "CodingTest.csproj", "{E5CA3EE2-3CC0-43DE-8DE0-EF4381F75AE9}"
EndProject
Project("{FAE04EC0-301F-11D3-BF4B-00C04F79EFBC}") = "CodingTest.Core", "..\CodingTest.Core\CodingTest.Core.csproj", "{33B1330D-01B8-4C56-B3DA-CAE5D2D123B2}"
EndProject
Project("{FAE04EC0-301F-11D3-BF4B-00C04F79EFBC}") = "CodingTest.Data", "..\CodingTest.Data\CodingTest.Data.csproj", "{8996450C-028E-45EC-A9A5-00D2340D6C41}"
EndProject
Global
	GlobalSection(SolutionConfigurationPlatforms) = preSolution
		Debug|Any CPU = Debug|Any CPU
		Release|Any CPU = Release|Any CPU
	EndGlobalSection
	GlobalSection(ProjectConfigurationPlatforms) = postSolution
		{E5CA3EE2-3CC0-43DE-8DE0-EF4381F75AE9}.Debug|Any CPU.ActiveCfg = Debug|Any CPU
		{E5CA3EE2-3CC0-43DE-8DE0-EF4381F75AE9}.Debug|Any CPU.Build.0 = Debug|Any CPU
		{E5CA3EE2-3CC0-43DE-8DE0-EF4381F75AE9}.Release|Any CPU.ActiveCfg = Release|Any CPU
		{E5CA3EE2-3CC0-43DE-8DE0-EF4381F75AE9}.Release|Any CPU.Build.0 = Release|Any CPU
		{33B1330D-01B8-4C56-B3DA-CAE5D2D123B2}.Debug|Any CPU.ActiveCfg = Debug|Any CPU
		{33B1330D-01B8-4C56-B3DA-CAE5D2D123B2}.Debug|Any CPU.Build.0 = Debug|Any CPU
		{33B1330D-01B8-4C56-B3DA-CAE5D2D123B2}.Release|Any CPU.ActiveCfg = Release|Any CPU
		{33B1330D-01B8-4C56-B3DA-CAE5D2D123B2}.Release|Any CPU.Build.0 = Release|Any CPU
		{8996450C-028E-45EC-A9A5-00D2340D6C41}.Debug|Any CPU.ActiveCfg = Debug|Any CPU
		{8996450C-028E-45EC-A9A5-00D2340D6C41}.Debug|Any CPU.Build.0 = Debug|Any CPU
		{8996450C-028E-45EC-A9A5-00D2340D6C41}.Release|Any CPU.ActiveCfg = Release|Any CPU
		{8996450C-028E-45EC-A9A5-00D2340D6C41}.Release|Any CPU.Build.0 = Release|Any CPU
	EndGlobalSection
	GlobalSection(SolutionProperties) = preSolution
		HideSolutionNode = FALSE
	EndGlobalSection
	GlobalSection(ExtensibilityGlobals) = postSolution
		SolutionGuid = {38D2D8FD-0C39-4316-B066-87074BA3523D}
	EndGlobalSection
EndGlobal
